
Microsoft Visual Studio Solution File, Format Version 12.00
# Visual Studio 15
Project("{FAE04EC0-301F-11D3-BF4B-00C04F79EFBC}") = "Assembly-CSharp", "Assembly-CSharp.csproj", "{8B5783D8-B5CE-AB88-3AB7-3F29CA983F05}"
EndProject
Project("{FAE04EC0-301F-11D3-BF4B-00C04F79EFBC}") = "Assembly-CSharp-Editor", "Assembly-CSharp-Editor.csproj", "{54F7DA1C-8A26-7C9F-24D4-41B220A754C6}"
EndProject
Global
	GlobalSection(SolutionConfigurationPlatforms) = preSolution
		Debug|Any CPU = Debug|Any CPU
		Release|Any CPU = Release|Any CPU
	EndGlobalSection
	GlobalSection(ProjectConfigurationPlatforms) = postSolution
		{8B5783D8-B5CE-AB88-3AB7-3F29CA983F05}.Debug|Any CPU.ActiveCfg = Debug|Any CPU
		{8B5783D8-B5CE-AB88-3AB7-3F29CA983F05}.Debug|Any CPU.Build.0 = Debug|Any CPU
		{8B5783D8-B5CE-AB88-3AB7-3F29CA983F05}.Release|Any CPU.ActiveCfg = Release|Any CPU
		{8B5783D8-B5CE-AB88-3AB7-3F29CA983F05}.Release|Any CPU.Build.0 = Release|Any CPU
		{54F7DA1C-8A26-7C9F-24D4-41B220A754C6}.Debug|Any CPU.ActiveCfg = Debug|Any CPU
		{54F7DA1C-8A26-7C9F-24D4-41B220A754C6}.Debug|Any CPU.Build.0 = Debug|Any CPU
		{54F7DA1C-8A26-7C9F-24D4-41B220A754C6}.Release|Any CPU.ActiveCfg = Release|Any CPU
		{54F7DA1C-8A26-7C9F-24D4-41B220A754C6}.Release|Any CPU.Build.0 = Release|Any CPU
	EndGlobalSection
	GlobalSection(SolutionProperties) = preSolution
		HideSolutionNode = FALSE
	EndGlobalSection
EndGlobal
